{
  "name": "unit-test-test",
  "lockfileVersion": 2,
  "requires": true,
  "packages": {
    "": {
      "license": "MIT",
      "devDependencies": {
        "@abaplint/cli": "^2.90.10",
        "@abaplint/runtime": "^2.0.41",
        "@abaplint/transpiler-cli": "^2.0.41"
      }
    },
    "node_modules/@abaplint/cli": {
      "version": "2.90.10",
      "resolved": "https://registry.npmjs.org/@abaplint/cli/-/cli-2.90.10.tgz",
      "integrity": "sha512-YfG1KzOe5GkY0DK1kwvvN+PDv1LWfCiHI5dsnh5LKYVKtrUZ6fjjBj1jW9/PSclf7x7GTCS6UgfNc7IjODuscg==",
      "dev": true,
      "bin": {
        "abaplint": "abaplint"
      },
      "engines": {
        "node": ">=12.0.0"
      }
    },
    "node_modules/@abaplint/runtime": {
      "version": "2.0.41",
      "resolved": "https://registry.npmjs.org/@abaplint/runtime/-/runtime-2.0.41.tgz",
      "integrity": "sha512-sGLhl6HpUY/lr6EKIAhrOtOqCuPcYTsbglOxYLnCOEvFcvMZKq9A6sXDLMzsiiMqItf3Bw/nmmddD8sG7Noo8w==",
      "dev": true
    },
    "node_modules/@abaplint/transpiler-cli": {
      "version": "2.0.41",
      "resolved": "https://registry.npmjs.org/@abaplint/transpiler-cli/-/transpiler-cli-2.0.41.tgz",
      "integrity": "sha512-pA8JhOJgbH/B0iKl/xspq1jSk5vChOIDRmR4VUHfN/kbKz714cyIXxDzoKtnKuC7Bl/VjWiFdxujX14+aFKhYA==",
      "dev": true,
      "bin": {
        "abap_transpile": "abap_transpile"
      }
    }
  },
  "dependencies": {
    "@abaplint/cli": {
      "version": "2.90.10",
      "resolved": "https://registry.npmjs.org/@abaplint/cli/-/cli-2.90.10.tgz",
      "integrity": "sha512-YfG1KzOe5GkY0DK1kwvvN+PDv1LWfCiHI5dsnh5LKYVKtrUZ6fjjBj1jW9/PSclf7x7GTCS6UgfNc7IjODuscg==",
      "dev": true
    },
    "@abaplint/runtime": {
      "version": "2.0.41",
      "resolved": "https://registry.npmjs.org/@abaplint/runtime/-/runtime-2.0.41.tgz",
      "integrity": "sha512-sGLhl6HpUY/lr6EKIAhrOtOqCuPcYTsbglOxYLnCOEvFcvMZKq9A6sXDLMzsiiMqItf3Bw/nmmddD8sG7Noo8w==",
      "dev": true
    },
    "@abaplint/transpiler-cli": {
      "version": "2.0.41",
      "resolved": "https://registry.npmjs.org/@abaplint/transpiler-cli/-/transpiler-cli-2.0.41.tgz",
      "integrity": "sha512-pA8JhOJgbH/B0iKl/xspq1jSk5vChOIDRmR4VUHfN/kbKz714cyIXxDzoKtnKuC7Bl/VjWiFdxujX14+aFKhYA==",
      "dev": true
    }
  }
}
