{
  "name": "abap-gol",
  "lockfileVersion": 2,
  "requires": true,
  "packages": {
    "": {
      "license": "MIT",
      "devDependencies": {
        "@abaplint/cli": "^2.91.5",
        "@abaplint/runtime": "^2.0.43",
        "@abaplint/transpiler-cli": "^2.0.43"
      }
    },
    "node_modules/@abaplint/cli": {
      "version": "2.91.5",
      "resolved": "https://registry.npmjs.org/@abaplint/cli/-/cli-2.91.5.tgz",
      "integrity": "sha512-1PE2YOasVIghVGG2KA1z/Tot9E0Kf/7BVqV85nhEMe8IrDQpSLa4HB0ayQl8YpDLv1WxWB7JBoBe/xBaSFlCKQ==",
      "dev": true,
      "bin": {
        "abaplint": "abaplint"
      },
      "engines": {
        "node": ">=12.0.0"
      }
    },
    "node_modules/@abaplint/runtime": {
      "version": "2.0.43",
      "resolved": "https://registry.npmjs.org/@abaplint/runtime/-/runtime-2.0.43.tgz",
      "integrity": "sha512-olBfeaxa+qcyDkpn84Ev3c41l7mUkbIBzqGRislsml07m4+TGk6IiG7QYcoQi7NG3JyEElguuB6igh1eKxBaWg==",
      "dev": true
    },
    "node_modules/@abaplint/transpiler-cli": {
      "version": "2.0.43",
      "resolved": "https://registry.npmjs.org/@abaplint/transpiler-cli/-/transpiler-cli-2.0.43.tgz",
      "integrity": "sha512-jTP7IBFl1vNREydvhJEO/y6BKRpPXz+j8qFLWHwSqyAxnLx4Nd0SQFbGFDieMXxXoSu+SFSbKdOSAufU2yGvhg==",
      "dev": true,
      "bin": {
        "abap_transpile": "abap_transpile"
      }
    }
  },
  "dependencies": {
    "@abaplint/cli": {
      "version": "2.91.5",
      "resolved": "https://registry.npmjs.org/@abaplint/cli/-/cli-2.91.5.tgz",
      "integrity": "sha512-1PE2YOasVIghVGG2KA1z/Tot9E0Kf/7BVqV85nhEMe8IrDQpSLa4HB0ayQl8YpDLv1WxWB7JBoBe/xBaSFlCKQ==",
      "dev": true
    },
    "@abaplint/runtime": {
      "version": "2.0.43",
      "resolved": "https://registry.npmjs.org/@abaplint/runtime/-/runtime-2.0.43.tgz",
      "integrity": "sha512-olBfeaxa+qcyDkpn84Ev3c41l7mUkbIBzqGRislsml07m4+TGk6IiG7QYcoQi7NG3JyEElguuB6igh1eKxBaWg==",
      "dev": true
    },
    "@abaplint/transpiler-cli": {
      "version": "2.0.43",
      "resolved": "https://registry.npmjs.org/@abaplint/transpiler-cli/-/transpiler-cli-2.0.43.tgz",
      "integrity": "sha512-jTP7IBFl1vNREydvhJEO/y6BKRpPXz+j8qFLWHwSqyAxnLx4Nd0SQFbGFDieMXxXoSu+SFSbKdOSAufU2yGvhg==",
      "dev": true
    }
  }
}
