{
  "name": "abap-gol",
  "lockfileVersion": 2,
  "requires": true,
  "packages": {
    "": {
      "license": "MIT",
      "devDependencies": {
        "@abaplint/cli": "^2.91.3",
        "@abaplint/runtime": "^2.0.43",
        "@abaplint/transpiler-cli": "^2.0.43"
      }
    },
    "node_modules/@abaplint/cli": {
      "version": "2.113.203",
      "resolved": "https://registry.npmjs.org/@abaplint/cli/-/cli-2.113.203.tgz",
      "integrity": "sha512-KYY92MaYSMFPiPHSPBh1j/FaMwzvvuZpnIEpRKPH6Prj5BjoE55UfngKL9dsyd4QguWlCzw/ABV4yOhnKUik6g==",
      "dev": true,
      "bin": {
        "abaplint": "abaplint"
      },
      "engines": {
        "node": ">=12.0.0"
      },
      "funding": {
        "url": "https://github.com/sponsors/larshp"
      }
    },
    "node_modules/@abaplint/runtime": {
      "version": "2.0.43",
      "resolved": "https://registry.npmjs.org/@abaplint/runtime/-/runtime-2.0.43.tgz",
      "integrity": "sha512-olBfeaxa+qcyDkpn84Ev3c41l7mUkbIBzqGRislsml07m4+TGk6IiG7QYcoQi7NG3JyEElguuB6igh1eKxBaWg==",
      "dev": true
    },
    "node_modules/@abaplint/transpiler-cli": {
      "version": "2.11.92",
      "resolved": "https://registry.npmjs.org/@abaplint/transpiler-cli/-/transpiler-cli-2.11.92.tgz",
      "integrity": "sha512-Dj5LqKAomx1Kwp29Q27ZZQS214QuspcvIVU6F/GePkR6dJp1jKHQ3RSFzsmagAJ4Yz8MJbJDCM9+WqpNqCbkVw==",
      "dev": true,
      "bin": {
        "abap_transpile": "abap_transpile"
      },
      "funding": {
        "url": "https://github.com/sponsors/larshp"
      }
    }
  },
  "dependencies": {
    "@abaplint/cli": {
      "version": "2.113.203",
      "resolved": "https://registry.npmjs.org/@abaplint/cli/-/cli-2.113.203.tgz",
      "integrity": "sha512-KYY92MaYSMFPiPHSPBh1j/FaMwzvvuZpnIEpRKPH6Prj5BjoE55UfngKL9dsyd4QguWlCzw/ABV4yOhnKUik6g==",
      "dev": true
    },
    "@abaplint/runtime": {
      "version": "2.0.43",
      "resolved": "https://registry.npmjs.org/@abaplint/runtime/-/runtime-2.0.43.tgz",
      "integrity": "sha512-olBfeaxa+qcyDkpn84Ev3c41l7mUkbIBzqGRislsml07m4+TGk6IiG7QYcoQi7NG3JyEElguuB6igh1eKxBaWg==",
      "dev": true
    },
    "@abaplint/transpiler-cli": {
      "version": "2.11.92",
      "resolved": "https://registry.npmjs.org/@abaplint/transpiler-cli/-/transpiler-cli-2.11.92.tgz",
      "integrity": "sha512-Dj5LqKAomx1Kwp29Q27ZZQS214QuspcvIVU6F/GePkR6dJp1jKHQ3RSFzsmagAJ4Yz8MJbJDCM9+WqpNqCbkVw==",
      "dev": true
    }
  }
}
