lockfileVersion: '9.0'

settings:
  autoInstallPeers: true
  excludeLinksFromLockfile: false

importers:

  .:
    devDependencies:
      '@abaplint/cli':
        specifier: ^2.115.18
        version: 2.115.18
      '@abaplint/runtime':
        specifier: ^2.12.26
        version: 2.13.2
      '@abaplint/transpiler-cli':
        specifier: ^2.12.26
        version: 2.12.26

packages:

  '@abaplint/cli@2.115.18':
    resolution: {integrity: sha512-jvy5dhwHYj1sPjlMdxmDjBRTLmZWZCdALiHAJaslmyzDOtZLT+7iiqFba1ULL6ZYf9aatTSTfCzuoF9H50TgXA==}
    engines: {node: '>=12.0.0'}
    hasBin: true

  '@abaplint/runtime@2.13.2':
    resolution: {integrity: sha512-S+xYfzxRf4wTd46lb1XHdrEApS/KOjUrP8OfYqPPyRKwwsf45uc9wdLPHVF+QOi/XR0O5uI0PGjVvuTDHwSSjA==}

  '@abaplint/transpiler-cli@2.12.26':
    resolution: {integrity: sha512-do8rmLaU/vbUcqfqqPLcSTaVHp1ruDuGgs419yjOhwLVoiC9WP76AxgEVhNjyRwCenk/phmoxBBQWVEv5CItNA==}
    hasBin: true

  temporal-polyfill@0.3.2:
    resolution: {integrity: sha512-TzHthD/heRK947GNiSu3Y5gSPpeUDH34+LESnfsq8bqpFhsB79HFBX8+Z834IVX68P3EUyRPZK5bL/1fh437Eg==}

  temporal-spec@0.3.1:
    resolution: {integrity: sha512-B4TUhezh9knfSIMwt7RVggApDRJZo73uZdj8AacL2mZ8RP5KtLianh2MXxL06GN9ESYiIsiuoLQhgVfwe55Yhw==}

snapshots:

  '@abaplint/cli@2.115.18': {}

  '@abaplint/runtime@2.13.2':
    dependencies:
      temporal-polyfill: 0.3.2

  '@abaplint/transpiler-cli@2.12.26': {}

  temporal-polyfill@0.3.2:
    dependencies:
      temporal-spec: 0.3.1

  temporal-spec@0.3.1: {}
