lockfileVersion: '9.0'

settings:
  autoInstallPeers: true
  excludeLinksFromLockfile: false

importers:

  .:
    devDependencies:
      '@abaplint/cli':
        specifier: ^2.115.18
        version: 2.120.73
      '@abaplint/runtime':
        specifier: ^2.12.26
        version: 2.14.3
      '@abaplint/transpiler-cli':
        specifier: ^2.12.26
        version: 2.14.3

packages:

  '@abaplint/cli@2.120.73':
    resolution: {integrity: sha512-/CxPAfc3noOvPiJX+GB99st8aN/TB5KmMVfrFDrPKrMuIlzRTv1+Yxs0QIgTj8taUNTZGdyBPriR3mHATZmlpQ==}
    engines: {node: '>=22.0.0'}
    hasBin: true

  '@abaplint/runtime@2.14.3':
    resolution: {integrity: sha512-arNqfgN6NqivTiRtlHSsGWwLFgwTD8pgLnzWN8dMiGzivz2Qm5EC0kWJ1Q7ryEKm+OiRYeOJrcM+Iq7MMOVKvQ==}

  '@abaplint/transpiler-cli@2.14.3':
    resolution: {integrity: sha512-FmtOO9LQPLXtVxlB+tCrNolI83UdAvZAm+i/SAPxg4eAeW+8i/99w7cX4+S5uNqKIDexkMn18p3o5hl+eUD+2Q==}
    hasBin: true

  temporal-polyfill@1.0.5:
    resolution: {integrity: sha512-+H/mmY74i6wXCMcjIhGuSnODcyZnc4eois2myhOyX0UqRAKNXQY5m9iB1en5jQ/n4SXtjLXo1ElBI5bmn8tZwQ==}

  temporal-spec@1.0.1:
    resolution: {integrity: sha512-wxVoanmDeavXie1vu2JaQ3WIc3JZnWAOYFBsJyATaVsXsycKYUflGsyBmrRSnoCpZJpwPyr38VpgSUlQ8CbFxg==}

  temporal-utils@1.0.3:
    resolution: {integrity: sha512-9jbTSX3HvkOWvDpNpFzwX/d1mkCrgQgwLmVTOEiuocZGKHsrQJtttGZFmybJ2zYP5zCSZuU5ZyeS8+eOEPABiQ==}

snapshots:

  '@abaplint/cli@2.120.73': {}

  '@abaplint/runtime@2.14.3':
    dependencies:
      temporal-polyfill: 1.0.5

  '@abaplint/transpiler-cli@2.14.3': {}

  temporal-polyfill@1.0.5:
    dependencies:
      temporal-spec: 1.0.1
      temporal-utils: 1.0.3

  temporal-spec@1.0.1: {}

  temporal-utils@1.0.3: {}
