lockfileVersion: '9.0'

settings:
  autoInstallPeers: true
  excludeLinksFromLockfile: false

importers:

  .:
    devDependencies:
      '@abaplint/cli':
        specifier: ^2.115.18
        version: 2.120.55
      '@abaplint/runtime':
        specifier: ^2.12.26
        version: 2.13.89
      '@abaplint/transpiler-cli':
        specifier: ^2.12.26
        version: 2.13.89

packages:

  '@abaplint/cli@2.120.55':
    resolution: {integrity: sha512-/Sjy4m8WIxdQSRLgDq6mcp/wS2Tsb8ARrwRjzy27387P7BEp1MhDCHqiO6wZyOFhSmhx8HhV9hPAbKLdHHz61w==}
    engines: {node: '>=22.0.0'}
    hasBin: true

  '@abaplint/runtime@2.13.89':
    resolution: {integrity: sha512-LdhSIVBGwsffAiHutaFWEgVH0XR4W4naGpYcnH+VdugGpfIsl4ryJCMSZoKG5u9z5QqFY+n4YKU1R8AoLpxjtw==}

  '@abaplint/transpiler-cli@2.13.89':
    resolution: {integrity: sha512-d+V5Hf/XbFYhVWI0UyInn9eNaMt84Ltmgj+tj85aIjm/4lRFxsfi8y3dsH0ECPtG7ye+Yp/ajbqHLtv9wvOKSw==}
    hasBin: true

  temporal-polyfill@1.0.5:
    resolution: {integrity: sha512-+H/mmY74i6wXCMcjIhGuSnODcyZnc4eois2myhOyX0UqRAKNXQY5m9iB1en5jQ/n4SXtjLXo1ElBI5bmn8tZwQ==}

  temporal-spec@1.0.1:
    resolution: {integrity: sha512-wxVoanmDeavXie1vu2JaQ3WIc3JZnWAOYFBsJyATaVsXsycKYUflGsyBmrRSnoCpZJpwPyr38VpgSUlQ8CbFxg==}

  temporal-utils@1.0.3:
    resolution: {integrity: sha512-9jbTSX3HvkOWvDpNpFzwX/d1mkCrgQgwLmVTOEiuocZGKHsrQJtttGZFmybJ2zYP5zCSZuU5ZyeS8+eOEPABiQ==}

snapshots:

  '@abaplint/cli@2.120.55': {}

  '@abaplint/runtime@2.13.89':
    dependencies:
      temporal-polyfill: 1.0.5

  '@abaplint/transpiler-cli@2.13.89': {}

  temporal-polyfill@1.0.5:
    dependencies:
      temporal-spec: 1.0.1
      temporal-utils: 1.0.3

  temporal-spec@1.0.1: {}

  temporal-utils@1.0.3: {}
